
Microsoft Visual Studio Solution File, Format Version 12.00
# Visual Studio Version 16
VisualStudioVersion = 16.0.31112.23
MinimumVisualStudioVersion = 10.0.40219.1
Project("{FAE04EC0-301F-11D3-BF4B-00C04F79EFBC}") = "senai_filmes_webApi", "senai_filmes_webApi\senai_filmes_webApi.csproj", "{B27E73B3-6980-4F83-9A8E-5B7B3DF79B58}"
EndProject
Global
	GlobalSection(SolutionConfigurationPlatforms) = preSolution
		Debug|Any CPU = Debug|Any CPU
		Release|Any CPU = Release|Any CPU
	EndGlobalSection
	GlobalSection(ProjectConfigurationPlatforms) = postSolution
		{B27E73B3-6980-4F83-9A8E-5B7B3DF79B58}.Debug|Any CPU.ActiveCfg = Debug|Any CPU
		{B27E73B3-6980-4F83-9A8E-5B7B3DF79B58}.Debug|Any CPU.Build.0 = Debug|Any CPU
		{B27E73B3-6980-4F83-9A8E-5B7B3DF79B58}.Release|Any CPU.ActiveCfg = Release|Any CPU
		{B27E73B3-6980-4F83-9A8E-5B7B3DF79B58}.Release|Any CPU.Build.0 = Release|Any CPU
	EndGlobalSection
	GlobalSection(SolutionProperties) = preSolution
		HideSolutionNode = FALSE
	EndGlobalSection
	GlobalSection(ExtensibilityGlobals) = postSolution
		SolutionGuid = {A305D0A4-5830-4C71-A158-AE45E2200E31}
	EndGlobalSection
EndGlobal
