
Microsoft Visual Studio Solution File, Format Version 12.00
# Visual Studio Version 16
VisualStudioVersion = 16.0.31112.23
MinimumVisualStudioVersion = 10.0.40219.1
Project("{FAE04EC0-301F-11D3-BF4B-00C04F79EFBC}") = "senai.hroads.webapi", "senai.hroads.webapi\senai.hroads.webapi.csproj", "{1F2293BF-0CC3-41DD-9DD8-B79100C4D9D5}"
EndProject
Global
	GlobalSection(SolutionConfigurationPlatforms) = preSolution
		Debug|Any CPU = Debug|Any CPU
		Release|Any CPU = Release|Any CPU
	EndGlobalSection
	GlobalSection(ProjectConfigurationPlatforms) = postSolution
		{1F2293BF-0CC3-41DD-9DD8-B79100C4D9D5}.Debug|Any CPU.ActiveCfg = Debug|Any CPU
		{1F2293BF-0CC3-41DD-9DD8-B79100C4D9D5}.Debug|Any CPU.Build.0 = Debug|Any CPU
		{1F2293BF-0CC3-41DD-9DD8-B79100C4D9D5}.Release|Any CPU.ActiveCfg = Release|Any CPU
		{1F2293BF-0CC3-41DD-9DD8-B79100C4D9D5}.Release|Any CPU.Build.0 = Release|Any CPU
	EndGlobalSection
	GlobalSection(SolutionProperties) = preSolution
		HideSolutionNode = FALSE
	EndGlobalSection
	GlobalSection(ExtensibilityGlobals) = postSolution
		SolutionGuid = {6ADD7250-FCF4-4ADA-8BBE-31BD168D94A7}
	EndGlobalSection
EndGlobal
